// !$*UTF8*$!
{
	archiveVersion = 1;
	classes = {
	};
	objectVersion = 50;
	objects = {

/* Begin PBXBuildFile section */
		F87DF5BD22D1152D0097E4AC /* DataStructuresFramework.framework in Frameworks */ = {isa = PBXBuildFile; fileRef = F87DF5B322D1152D0097E4AC /* DataStructuresFramework.framework */; };
		F87DF5CE22D115680097E4AC /* Stack.swift in Sources */ = {isa = PBXBuildFile; fileRef = F87DF5CD22D115680097E4AC /* Stack.swift */; };
		F87DF5D122D116A60097E4AC /* StackTests.swift in Sources */ = {isa = PBXBuildFile; fileRef = F87DF5D022D116A60097E4AC /* StackTests.swift */; };
		F87DF5D322D121DB0097E4AC /* Queue.swift in Sources */ = {isa = PBXBuildFile; fileRef = F87DF5D222D121DB0097E4AC /* Queue.swift */; };
		F87DF5D722D123A70097E4AC /* QueueTests.swift in Sources */ = {isa = PBXBuildFile; fileRef = F87DF5D622D123A70097E4AC /* QueueTests.swift */; };
		F87DF5DB22D148F90097E4AC /* BubbleSort.swift in Sources */ = {isa = PBXBuildFile; fileRef = F87DF5DA22D148F90097E4AC /* BubbleSort.swift */; };
		F87DF5DD22D14A540097E4AC /* SortTests.swift in Sources */ = {isa = PBXBuildFile; fileRef = F87DF5DC22D14A540097E4AC /* SortTests.swift */; };
		F87DF5DF22D14C670097E4AC /* SelectionSort.swift in Sources */ = {isa = PBXBuildFile; fileRef = F87DF5DE22D14C670097E4AC /* SelectionSort.swift */; };
		F87DF5E122D14FB10097E4AC /* InsertionSort.swift in Sources */ = {isa = PBXBuildFile; fileRef = F87DF5E022D14FB10097E4AC /* InsertionSort.swift */; };
		F87DF5E322D150790097E4AC /* MergeSort.swift in Sources */ = {isa = PBXBuildFile; fileRef = F87DF5E222D150790097E4AC /* MergeSort.swift */; };
		F8A1DD2322D20C010068888C /* BinaryTree.swift in Sources */ = {isa = PBXBuildFile; fileRef = F8A1DD2222D20C010068888C /* BinaryTree.swift */; };
		F8A1DD2522D20C140068888C /* BinaryTreeTests.swift in Sources */ = {isa = PBXBuildFile; fileRef = F8A1DD2422D20C140068888C /* BinaryTreeTests.swift */; };
		F8CDC42122D59C8300334040 /* Heap.swift in Sources */ = {isa = PBXBuildFile; fileRef = F8CDC42022D59C8300334040 /* Heap.swift */; };
		F8CDC42322D5A27500334040 /* HeapTests.swift in Sources */ = {isa = PBXBuildFile; fileRef = F8CDC42222D5A27500334040 /* HeapTests.swift */; };
		F8CDC42522D5B01000334040 /* LinkedList.swift in Sources */ = {isa = PBXBuildFile; fileRef = F8CDC42422D5B01000334040 /* LinkedList.swift */; };
		F8CDC42922D624F600334040 /* LinkedListTests.swift in Sources */ = {isa = PBXBuildFile; fileRef = F8CDC42822D624F600334040 /* LinkedListTests.swift */; };
		F8E37AB622D433B500A01364 /* BinarySearch.swift in Sources */ = {isa = PBXBuildFile; fileRef = F8E37AB522D433B500A01364 /* BinarySearch.swift */; };
/* End PBXBuildFile section */

/* Begin PBXContainerItemProxy section */
		F87DF5BE22D1152D0097E4AC /* PBXContainerItemProxy */ = {
			isa = PBXContainerItemProxy;
			containerPortal = F87DF5AA22D1152D0097E4AC /* Project object */;
			proxyType = 1;
			remoteGlobalIDString = F87DF5B222D1152D0097E4AC;
			remoteInfo = DataStructuresFramework;
		};
/* End PBXContainerItemProxy section */

/* Begin PBXFileReference section */
		F87DF5B322D1152D0097E4AC /* DataStructuresFramework.framework */ = {isa = PBXFileReference; explicitFileType = wrapper.framework; includeInIndex = 0; path = DataStructuresFramework.framework; sourceTree = BUILT_PRODUCTS_DIR; };
		F87DF5B722D1152D0097E4AC /* Info.plist */ = {isa = PBXFileReference; lastKnownFileType = text.plist.xml; path = Info.plist; sourceTree = "<group>"; };
		F87DF5BC22D1152D0097E4AC /* DataStructuresFrameworkTests.xctest */ = {isa = PBXFileReference; explicitFileType = wrapper.cfbundle; includeInIndex = 0; path = DataStructuresFrameworkTests.xctest; sourceTree = BUILT_PRODUCTS_DIR; };
		F87DF5C322D1152D0097E4AC /* Info.plist */ = {isa = PBXFileReference; lastKnownFileType = text.plist.xml; path = Info.plist; sourceTree = "<group>"; };
		F87DF5CD22D115680097E4AC /* Stack.swift */ = {isa = PBXFileReference; lastKnownFileType = sourcecode.swift; path = Stack.swift; sourceTree = "<group>"; };
		F87DF5CF22D116A60097E4AC /* DataStructuresFrameworkTests-Bridging-Header.h */ = {isa = PBXFileReference; lastKnownFileType = sourcecode.c.h; path = "DataStructuresFrameworkTests-Bridging-Header.h"; sourceTree = "<group>"; };
		F87DF5D022D116A60097E4AC /* StackTests.swift */ = {isa = PBXFileReference; lastKnownFileType = sourcecode.swift; path = StackTests.swift; sourceTree = "<group>"; };
		F87DF5D222D121DB0097E4AC /* Queue.swift */ = {isa = PBXFileReference; lastKnownFileType = sourcecode.swift; path = Queue.swift; sourceTree = "<group>"; };
		F87DF5D622D123A70097E4AC /* QueueTests.swift */ = {isa = PBXFileReference; lastKnownFileType = sourcecode.swift; path = QueueTests.swift; sourceTree = "<group>"; };
		F87DF5DA22D148F90097E4AC /* BubbleSort.swift */ = {isa = PBXFileReference; lastKnownFileType = sourcecode.swift; path = BubbleSort.swift; sourceTree = "<group>"; };
		F87DF5DC22D14A540097E4AC /* SortTests.swift */ = {isa = PBXFileReference; lastKnownFileType = sourcecode.swift; path = SortTests.swift; sourceTree = "<group>"; };
		F87DF5DE22D14C670097E4AC /* SelectionSort.swift */ = {isa = PBXFileReference; lastKnownFileType = sourcecode.swift; path = SelectionSort.swift; sourceTree = "<group>"; };
		F87DF5E022D14FB10097E4AC /* InsertionSort.swift */ = {isa = PBXFileReference; lastKnownFileType = sourcecode.swift; path = InsertionSort.swift; sourceTree = "<group>"; };
		F87DF5E222D150790097E4AC /* MergeSort.swift */ = {isa = PBXFileReference; lastKnownFileType = sourcecode.swift; path = MergeSort.swift; sourceTree = "<group>"; };
		F8A1DD2222D20C010068888C /* BinaryTree.swift */ = {isa = PBXFileReference; lastKnownFileType = sourcecode.swift; path = BinaryTree.swift; sourceTree = "<group>"; };
		F8A1DD2422D20C140068888C /* BinaryTreeTests.swift */ = {isa = PBXFileReference; lastKnownFileType = sourcecode.swift; path = BinaryTreeTests.swift; sourceTree = "<group>"; };
		F8CDC42022D59C8300334040 /* Heap.swift */ = {isa = PBXFileReference; lastKnownFileType = sourcecode.swift; path = Heap.swift; sourceTree = "<group>"; };
		F8CDC42222D5A27500334040 /* HeapTests.swift */ = {isa = PBXFileReference; lastKnownFileType = sourcecode.swift; path = HeapTests.swift; sourceTree = "<group>"; };
		F8CDC42422D5B01000334040 /* LinkedList.swift */ = {isa = PBXFileReference; lastKnownFileType = sourcecode.swift; path = LinkedList.swift; sourceTree = "<group>"; };
		F8CDC42822D624F600334040 /* LinkedListTests.swift */ = {isa = PBXFileReference; lastKnownFileType = sourcecode.swift; path = LinkedListTests.swift; sourceTree = "<group>"; };
		F8E37AB522D433B500A01364 /* BinarySearch.swift */ = {isa = PBXFileReference; lastKnownFileType = sourcecode.swift; path = BinarySearch.swift; sourceTree = "<group>"; };
/* End PBXFileReference section */

/* Begin PBXFrameworksBuildPhase section */
		F87DF5B022D1152D0097E4AC /* Frameworks */ = {
			isa = PBXFrameworksBuildPhase;
			buildActionMask = 2147483647;
			files = (
			);
			runOnlyForDeploymentPostprocessing = 0;
		};
		F87DF5B922D1152D0097E4AC /* Frameworks */ = {
			isa = PBXFrameworksBuildPhase;
			buildActionMask = 2147483647;
			files = (
				F87DF5BD22D1152D0097E4AC /* DataStructuresFramework.framework in Frameworks */,
			);
			runOnlyForDeploymentPostprocessing = 0;
		};
/* End PBXFrameworksBuildPhase section */

/* Begin PBXGroup section */
		F87DF5A922D1152D0097E4AC = {
			isa = PBXGroup;
			children = (
				F87DF5B522D1152D0097E4AC /* DataStructuresFramework */,
				F87DF5C022D1152D0097E4AC /* DataStructuresFrameworkTests */,
				F87DF5B422D1152D0097E4AC /* Products */,
			);
			sourceTree = "<group>";
		};
		F87DF5B422D1152D0097E4AC /* Products */ = {
			isa = PBXGroup;
			children = (
				F87DF5B322D1152D0097E4AC /* DataStructuresFramework.framework */,
				F87DF5BC22D1152D0097E4AC /* DataStructuresFrameworkTests.xctest */,
			);
			name = Products;
			sourceTree = "<group>";
		};
		F87DF5B522D1152D0097E4AC /* DataStructuresFramework */ = {
			isa = PBXGroup;
			children = (
				F87DF5D922D148E10097E4AC /* Algorithms */,
				F87DF5D822D148D20097E4AC /* Data Structures */,
				F87DF5B722D1152D0097E4AC /* Info.plist */,
			);
			path = DataStructuresFramework;
			sourceTree = "<group>";
		};
		F87DF5C022D1152D0097E4AC /* DataStructuresFrameworkTests */ = {
			isa = PBXGroup;
			children = (
				F87DF5C322D1152D0097E4AC /* Info.plist */,
				F87DF5D022D116A60097E4AC /* StackTests.swift */,
				F87DF5CF22D116A60097E4AC /* DataStructuresFrameworkTests-Bridging-Header.h */,
				F87DF5D622D123A70097E4AC /* QueueTests.swift */,
				F87DF5DC22D14A540097E4AC /* SortTests.swift */,
				F8A1DD2422D20C140068888C /* BinaryTreeTests.swift */,
				F8CDC42222D5A27500334040 /* HeapTests.swift */,
				F8CDC42822D624F600334040 /* LinkedListTests.swift */,
			);
			path = DataStructuresFrameworkTests;
			sourceTree = "<group>";
		};
		F87DF5D822D148D20097E4AC /* Data Structures */ = {
			isa = PBXGroup;
			children = (
				F87DF5CD22D115680097E4AC /* Stack.swift */,
				F87DF5D222D121DB0097E4AC /* Queue.swift */,
				F8A1DD2222D20C010068888C /* BinaryTree.swift */,
				F8CDC42022D59C8300334040 /* Heap.swift */,
				F8CDC42422D5B01000334040 /* LinkedList.swift */,
			);
			path = "Data Structures";
			sourceTree = "<group>";
		};
		F87DF5D922D148E10097E4AC /* Algorithms */ = {
			isa = PBXGroup;
			children = (
				F87DF5DA22D148F90097E4AC /* BubbleSort.swift */,
				F87DF5DE22D14C670097E4AC /* SelectionSort.swift */,
				F87DF5E022D14FB10097E4AC /* InsertionSort.swift */,
				F87DF5E222D150790097E4AC /* MergeSort.swift */,
				F8E37AB522D433B500A01364 /* BinarySearch.swift */,
			);
			path = Algorithms;
			sourceTree = "<group>";
		};
/* End PBXGroup section */

/* Begin PBXHeadersBuildPhase section */
		F87DF5AE22D1152D0097E4AC /* Headers */ = {
			isa = PBXHeadersBuildPhase;
			buildActionMask = 2147483647;
			files = (
			);
			runOnlyForDeploymentPostprocessing = 0;
		};
/* End PBXHeadersBuildPhase section */

/* Begin PBXNativeTarget section */
		F87DF5B222D1152D0097E4AC /* DataStructuresFramework */ = {
			isa = PBXNativeTarget;
			buildConfigurationList = F87DF5C722D1152D0097E4AC /* Build configuration list for PBXNativeTarget "DataStructuresFramework" */;
			buildPhases = (
				F87DF5AE22D1152D0097E4AC /* Headers */,
				F87DF5AF22D1152D0097E4AC /* Sources */,
				F87DF5B022D1152D0097E4AC /* Frameworks */,
				F87DF5B122D1152D0097E4AC /* Resources */,
			);
			buildRules = (
			);
			dependencies = (
			);
			name = DataStructuresFramework;
			productName = DataStructuresFramework;
			productReference = F87DF5B322D1152D0097E4AC /* DataStructuresFramework.framework */;
			productType = "com.apple.product-type.framework";
		};
		F87DF5BB22D1152D0097E4AC /* DataStructuresFrameworkTests */ = {
			isa = PBXNativeTarget;
			buildConfigurationList = F87DF5CA22D1152D0097E4AC /* Build configuration list for PBXNativeTarget "DataStructuresFrameworkTests" */;
			buildPhases = (
				F87DF5B822D1152D0097E4AC /* Sources */,
				F87DF5B922D1152D0097E4AC /* Frameworks */,
				F87DF5BA22D1152D0097E4AC /* Resources */,
			);
			buildRules = (
			);
			dependencies = (
				F87DF5BF22D1152D0097E4AC /* PBXTargetDependency */,
			);
			name = DataStructuresFrameworkTests;
			productName = DataStructuresFrameworkTests;
			productReference = F87DF5BC22D1152D0097E4AC /* DataStructuresFrameworkTests.xctest */;
			productType = "com.apple.product-type.bundle.unit-test";
		};
/* End PBXNativeTarget section */

/* Begin PBXProject section */
		F87DF5AA22D1152D0097E4AC /* Project object */ = {
			isa = PBXProject;
			attributes = {
				LastSwiftUpdateCheck = 1020;
				LastUpgradeCheck = 1020;
				ORGANIZATIONNAME = thatSwiftGuy;
				TargetAttributes = {
					F87DF5B222D1152D0097E4AC = {
						CreatedOnToolsVersion = 10.2.1;
						LastSwiftMigration = 1020;
					};
					F87DF5BB22D1152D0097E4AC = {
						CreatedOnToolsVersion = 10.2.1;
						LastSwiftMigration = 1020;
					};
				};
			};
			buildConfigurationList = F87DF5AD22D1152D0097E4AC /* Build configuration list for PBXProject "DataStructuresFramework" */;
			compatibilityVersion = "Xcode 9.3";
			developmentRegion = en;
			hasScannedForEncodings = 0;
			knownRegions = (
				en,
			);
			mainGroup = F87DF5A922D1152D0097E4AC;
			productRefGroup = F87DF5B422D1152D0097E4AC /* Products */;
			projectDirPath = "";
			projectRoot = "";
			targets = (
				F87DF5B222D1152D0097E4AC /* DataStructuresFramework */,
				F87DF5BB22D1152D0097E4AC /* DataStructuresFrameworkTests */,
			);
		};
/* End PBXProject section */

/* Begin PBXResourcesBuildPhase section */
		F87DF5B122D1152D0097E4AC /* Resources */ = {
			isa = PBXResourcesBuildPhase;
			buildActionMask = 2147483647;
			files = (
			);
			runOnlyForDeploymentPostprocessing = 0;
		};
		F87DF5BA22D1152D0097E4AC /* Resources */ = {
			isa = PBXResourcesBuildPhase;
			buildActionMask = 2147483647;
			files = (
			);
			runOnlyForDeploymentPostprocessing = 0;
		};
/* End PBXResourcesBuildPhase section */

/* Begin PBXSourcesBuildPhase section */
		F87DF5AF22D1152D0097E4AC /* Sources */ = {
			isa = PBXSourcesBuildPhase;
			buildActionMask = 2147483647;
			files = (
				F8CDC42122D59C8300334040 /* Heap.swift in Sources */,
				F8E37AB622D433B500A01364 /* BinarySearch.swift in Sources */,
				F8CDC42522D5B01000334040 /* LinkedList.swift in Sources */,
				F87DF5E322D150790097E4AC /* MergeSort.swift in Sources */,
				F8A1DD2322D20C010068888C /* BinaryTree.swift in Sources */,
				F87DF5CE22D115680097E4AC /* Stack.swift in Sources */,
				F87DF5E122D14FB10097E4AC /* InsertionSort.swift in Sources */,
				F87DF5DF22D14C670097E4AC /* SelectionSort.swift in Sources */,
				F87DF5D322D121DB0097E4AC /* Queue.swift in Sources */,
				F87DF5DB22D148F90097E4AC /* BubbleSort.swift in Sources */,
			);
			runOnlyForDeploymentPostprocessing = 0;
		};
		F87DF5B822D1152D0097E4AC /* Sources */ = {
			isa = PBXSourcesBuildPhase;
			buildActionMask = 2147483647;
			files = (
				F8A1DD2522D20C140068888C /* BinaryTreeTests.swift in Sources */,
				F87DF5D122D116A60097E4AC /* StackTests.swift in Sources */,
				F87DF5DD22D14A540097E4AC /* SortTests.swift in Sources */,
				F87DF5D722D123A70097E4AC /* QueueTests.swift in Sources */,
				F8CDC42922D624F600334040 /* LinkedListTests.swift in Sources */,
				F8CDC42322D5A27500334040 /* HeapTests.swift in Sources */,
			);
			runOnlyForDeploymentPostprocessing = 0;
		};
/* End PBXSourcesBuildPhase section */

/* Begin PBXTargetDependency section */
		F87DF5BF22D1152D0097E4AC /* PBXTargetDependency */ = {
			isa = PBXTargetDependency;
			target = F87DF5B222D1152D0097E4AC /* DataStructuresFramework */;
			targetProxy = F87DF5BE22D1152D0097E4AC /* PBXContainerItemProxy */;
		};
/* End PBXTargetDependency section */

/* Begin XCBuildConfiguration section */
		F87DF5C522D1152D0097E4AC /* Debug */ = {
			isa = XCBuildConfiguration;
			buildSettings = {
				ALWAYS_SEARCH_USER_PATHS = NO;
				CLANG_ANALYZER_NONNULL = YES;
				CLANG_ANALYZER_NUMBER_OBJECT_CONVERSION = YES_AGGRESSIVE;
				CLANG_CXX_LANGUAGE_STANDARD = "gnu++14";
				CLANG_CXX_LIBRARY = "libc++";
				CLANG_ENABLE_MODULES = YES;
				CLANG_ENABLE_OBJC_ARC = YES;
				CLANG_ENABLE_OBJC_WEAK = YES;
				CLANG_WARN_BLOCK_CAPTURE_AUTORELEASING = YES;
				CLANG_WARN_BOOL_CONVERSION = YES;
				CLANG_WARN_COMMA = YES;
				CLANG_WARN_CONSTANT_CONVERSION = YES;
				CLANG_WARN_DEPRECATED_OBJC_IMPLEMENTATIONS = YES;
				CLANG_WARN_DIRECT_OBJC_ISA_USAGE = YES_ERROR;
				CLANG_WARN_DOCUMENTATION_COMMENTS = YES;
				CLANG_WARN_EMPTY_BODY = YES;
				CLANG_WARN_ENUM_CONVERSION = YES;
				CLANG_WARN_INFINITE_RECURSION = YES;
				CLANG_WARN_INT_CONVERSION = YES;
				CLANG_WARN_NON_LITERAL_NULL_CONVERSION = YES;
				CLANG_WARN_OBJC_IMPLICIT_RETAIN_SELF = YES;
				CLANG_WARN_OBJC_LITERAL_CONVERSION = YES;
				CLANG_WARN_OBJC_ROOT_CLASS = YES_ERROR;
				CLANG_WARN_RANGE_LOOP_ANALYSIS = YES;
				CLANG_WARN_STRICT_PROTOTYPES = YES;
				CLANG_WARN_SUSPICIOUS_MOVE = YES;
				CLANG_WARN_UNGUARDED_AVAILABILITY = YES_AGGRESSIVE;
				CLANG_WARN_UNREACHABLE_CODE = YES;
				CLANG_WARN__DUPLICATE_METHOD_MATCH = YES;
				CODE_SIGN_IDENTITY = "iPhone Developer";
				COPY_PHASE_STRIP = NO;
				CURRENT_PROJECT_VERSION = 1;
				DEBUG_INFORMATION_FORMAT = dwarf;
				ENABLE_STRICT_OBJC_MSGSEND = YES;
				ENABLE_TESTABILITY = YES;
				GCC_C_LANGUAGE_STANDARD = gnu11;
				GCC_DYNAMIC_NO_PIC = NO;
				GCC_NO_COMMON_BLOCKS = YES;
				GCC_OPTIMIZATION_LEVEL = 0;
				GCC_PREPROCESSOR_DEFINITIONS = (
					"DEBUG=1",
					"$(inherited)",
				);
				GCC_WARN_64_TO_32_BIT_CONVERSION = YES;
				GCC_WARN_ABOUT_RETURN_TYPE = YES_ERROR;
				GCC_WARN_UNDECLARED_SELECTOR = YES;
				GCC_WARN_UNINITIALIZED_AUTOS = YES_AGGRESSIVE;
				GCC_WARN_UNUSED_FUNCTION = YES;
				GCC_WARN_UNUSED_VARIABLE = YES;
				IPHONEOS_DEPLOYMENT_TARGET = 12.2;
				MTL_ENABLE_DEBUG_INFO = INCLUDE_SOURCE;
				MTL_FAST_MATH = YES;
				ONLY_ACTIVE_ARCH = YES;
				SDKROOT = iphoneos;
				SWIFT_ACTIVE_COMPILATION_CONDITIONS = DEBUG;
				SWIFT_OPTIMIZATION_LEVEL = "-Onone";
				VERSIONING_SYSTEM = "apple-generic";
				VERSION_INFO_PREFIX = "";
			};
			name = Debug;
		};
		F87DF5C622D1152D0097E4AC /* Release */ = {
			isa = XCBuildConfiguration;
			buildSettings = {
				ALWAYS_SEARCH_USER_PATHS = NO;
				CLANG_ANALYZER_NONNULL = YES;
				CLANG_ANALYZER_NUMBER_OBJECT_CONVERSION = YES_AGGRESSIVE;
				CLANG_CXX_LANGUAGE_STANDARD = "gnu++14";
				CLANG_CXX_LIBRARY = "libc++";
				CLANG_ENABLE_MODULES = YES;
				CLANG_ENABLE_OBJC_ARC = YES;
				CLANG_ENABLE_OBJC_WEAK = YES;
				CLANG_WARN_BLOCK_CAPTURE_AUTORELEASING = YES;
				CLANG_WARN_BOOL_CONVERSION = YES;
				CLANG_WARN_COMMA = YES;
				CLANG_WARN_CONSTANT_CONVERSION = YES;
				CLANG_WARN_DEPRECATED_OBJC_IMPLEMENTATIONS = YES;
				CLANG_WARN_DIRECT_OBJC_ISA_USAGE = YES_ERROR;
				CLANG_WARN_DOCUMENTATION_COMMENTS = YES;
				CLANG_WARN_EMPTY_BODY = YES;
				CLANG_WARN_ENUM_CONVERSION = YES;
				CLANG_WARN_INFINITE_RECURSION = YES;
				CLANG_WARN_INT_CONVERSION = YES;
				CLANG_WARN_NON_LITERAL_NULL_CONVERSION = YES;
				CLANG_WARN_OBJC_IMPLICIT_RETAIN_SELF = YES;
				CLANG_WARN_OBJC_LITERAL_CONVERSION = YES;
				CLANG_WARN_OBJC_ROOT_CLASS = YES_ERROR;
				CLANG_WARN_RANGE_LOOP_ANALYSIS = YES;
				CLANG_WARN_STRICT_PROTOTYPES = YES;
				CLANG_WARN_SUSPICIOUS_MOVE = YES;
				CLANG_WARN_UNGUARDED_AVAILABILITY = YES_AGGRESSIVE;
				CLANG_WARN_UNREACHABLE_CODE = YES;
				CLANG_WARN__DUPLICATE_METHOD_MATCH = YES;
				CODE_SIGN_IDENTITY = "iPhone Developer";
				COPY_PHASE_STRIP = NO;
				CURRENT_PROJECT_VERSION = 1;
				DEBUG_INFORMATION_FORMAT = "dwarf-with-dsym";
				ENABLE_NS_ASSERTIONS = NO;
				ENABLE_STRICT_OBJC_MSGSEND = YES;
				GCC_C_LANGUAGE_STANDARD = gnu11;
				GCC_NO_COMMON_BLOCKS = YES;
				GCC_WARN_64_TO_32_BIT_CONVERSION = YES;
				GCC_WARN_ABOUT_RETURN_TYPE = YES_ERROR;
				GCC_WARN_UNDECLARED_SELECTOR = YES;
				GCC_WARN_UNINITIALIZED_AUTOS = YES_AGGRESSIVE;
				GCC_WARN_UNUSED_FUNCTION = YES;
				GCC_WARN_UNUSED_VARIABLE = YES;
				IPHONEOS_DEPLOYMENT_TARGET = 12.2;
				MTL_ENABLE_DEBUG_INFO = NO;
				MTL_FAST_MATH = YES;
				SDKROOT = iphoneos;
				SWIFT_COMPILATION_MODE = wholemodule;
				SWIFT_OPTIMIZATION_LEVEL = "-O";
				VALIDATE_PRODUCT = YES;
				VERSIONING_SYSTEM = "apple-generic";
				VERSION_INFO_PREFIX = "";
			};
			name = Release;
		};
		F87DF5C822D1152D0097E4AC /* Debug */ = {
			isa = XCBuildConfiguration;
			buildSettings = {
				CLANG_ENABLE_MODULES = YES;
				CODE_SIGN_IDENTITY = "";
				CODE_SIGN_STYLE = Automatic;
				DEFINES_MODULE = YES;
				DEVELOPMENT_TEAM = C57X8273FC;
				DYLIB_COMPATIBILITY_VERSION = 1;
				DYLIB_CURRENT_VERSION = 1;
				DYLIB_INSTALL_NAME_BASE = "@rpath";
				INFOPLIST_FILE = DataStructuresFramework/Info.plist;
				INSTALL_PATH = "$(LOCAL_LIBRARY_DIR)/Frameworks";
				LD_RUNPATH_SEARCH_PATHS = (
					"$(inherited)",
					"@executable_path/Frameworks",
					"@loader_path/Frameworks",
				);
				PRODUCT_BUNDLE_IDENTIFIER = com.thatSwiftGuy.DataStructuresFramework;
				PRODUCT_NAME = "$(TARGET_NAME:c99extidentifier)";
				SKIP_INSTALL = YES;
				SWIFT_OPTIMIZATION_LEVEL = "-Onone";
				SWIFT_VERSION = 5.0;
				TARGETED_DEVICE_FAMILY = "1,2";
			};
			name = Debug;
		};
		F87DF5C922D1152D0097E4AC /* Release */ = {
			isa = XCBuildConfiguration;
			buildSettings = {
				CLANG_ENABLE_MODULES = YES;
				CODE_SIGN_IDENTITY = "";
				CODE_SIGN_STYLE = Automatic;
				DEFINES_MODULE = YES;
				DEVELOPMENT_TEAM = C57X8273FC;
				DYLIB_COMPATIBILITY_VERSION = 1;
				DYLIB_CURRENT_VERSION = 1;
				DYLIB_INSTALL_NAME_BASE = "@rpath";
				INFOPLIST_FILE = DataStructuresFramework/Info.plist;
				INSTALL_PATH = "$(LOCAL_LIBRARY_DIR)/Frameworks";
				LD_RUNPATH_SEARCH_PATHS = (
					"$(inherited)",
					"@executable_path/Frameworks",
					"@loader_path/Frameworks",
				);
				PRODUCT_BUNDLE_IDENTIFIER = com.thatSwiftGuy.DataStructuresFramework;
				PRODUCT_NAME = "$(TARGET_NAME:c99extidentifier)";
				SKIP_INSTALL = YES;
				SWIFT_VERSION = 5.0;
				TARGETED_DEVICE_FAMILY = "1,2";
			};
			name = Release;
		};
		F87DF5CB22D1152D0097E4AC /* Debug */ = {
			isa = XCBuildConfiguration;
			buildSettings = {
				ALWAYS_EMBED_SWIFT_STANDARD_LIBRARIES = YES;
				CLANG_ENABLE_MODULES = YES;
				CODE_SIGN_STYLE = Automatic;
				DEVELOPMENT_TEAM = C57X8273FC;
				INFOPLIST_FILE = DataStructuresFrameworkTests/Info.plist;
				LD_RUNPATH_SEARCH_PATHS = (
					"$(inherited)",
					"@executable_path/Frameworks",
					"@loader_path/Frameworks",
				);
				PRODUCT_BUNDLE_IDENTIFIER = com.thatSwiftGuy.DataStructuresFrameworkTests;
				PRODUCT_NAME = "$(TARGET_NAME)";
				SWIFT_OBJC_BRIDGING_HEADER = "DataStructuresFrameworkTests/DataStructuresFrameworkTests-Bridging-Header.h";
				SWIFT_OPTIMIZATION_LEVEL = "-Onone";
				SWIFT_VERSION = 5.0;
				TARGETED_DEVICE_FAMILY = "1,2";
			};
			name = Debug;
		};
		F87DF5CC22D1152D0097E4AC /* Release */ = {
			isa = XCBuildConfiguration;
			buildSettings = {
				ALWAYS_EMBED_SWIFT_STANDARD_LIBRARIES = YES;
				CLANG_ENABLE_MODULES = YES;
				CODE_SIGN_STYLE = Automatic;
				DEVELOPMENT_TEAM = C57X8273FC;
				INFOPLIST_FILE = DataStructuresFrameworkTests/Info.plist;
				LD_RUNPATH_SEARCH_PATHS = (
					"$(inherited)",
					"@executable_path/Frameworks",
					"@loader_path/Frameworks",
				);
				PRODUCT_BUNDLE_IDENTIFIER = com.thatSwiftGuy.DataStructuresFrameworkTests;
				PRODUCT_NAME = "$(TARGET_NAME)";
				SWIFT_OBJC_BRIDGING_HEADER = "DataStructuresFrameworkTests/DataStructuresFrameworkTests-Bridging-Header.h";
				SWIFT_VERSION = 5.0;
				TARGETED_DEVICE_FAMILY = "1,2";
			};
			name = Release;
		};
/* End XCBuildConfiguration section */

/* Begin XCConfigurationList section */
		F87DF5AD22D1152D0097E4AC /* Build configuration list for PBXProject "DataStructuresFramework" */ = {
			isa = XCConfigurationList;
			buildConfigurations = (
				F87DF5C522D1152D0097E4AC /* Debug */,
				F87DF5C622D1152D0097E4AC /* Release */,
			);
			defaultConfigurationIsVisible = 0;
			defaultConfigurationName = Release;
		};
		F87DF5C722D1152D0097E4AC /* Build configuration list for PBXNativeTarget "DataStructuresFramework" */ = {
			isa = XCConfigurationList;
			buildConfigurations = (
				F87DF5C822D1152D0097E4AC /* Debug */,
				F87DF5C922D1152D0097E4AC /* Release */,
			);
			defaultConfigurationIsVisible = 0;
			defaultConfigurationName = Release;
		};
		F87DF5CA22D1152D0097E4AC /* Build configuration list for PBXNativeTarget "DataStructuresFrameworkTests" */ = {
			isa = XCConfigurationList;
			buildConfigurations = (
				F87DF5CB22D1152D0097E4AC /* Debug */,
				F87DF5CC22D1152D0097E4AC /* Release */,
			);
			defaultConfigurationIsVisible = 0;
			defaultConfigurationName = Release;
		};
/* End XCConfigurationList section */
	};
	rootObject = F87DF5AA22D1152D0097E4AC /* Project object */;
}
